
Microsoft Visual Studio Solution File, Format Version 12.00
# Visual Studio Version 17
VisualStudioVersion = 17.13.35825.156 d17.13
MinimumVisualStudioVersion = 10.0.40219.1
Project("{FAE04EC0-301F-11D3-BF4B-00C04F79EFBC}") = "DBFDuplicateRemover", "DBFDuplicateRemover\DBFDuplicateRemover.csproj", "{0A66DC17-0660-4A10-939A-2D9DCE3E159E}"
EndProject
Global
	GlobalSection(SolutionConfigurationPlatforms) = preSolution
		Debug|Any CPU = Debug|Any CPU
		Release|Any CPU = Release|Any CPU
	EndGlobalSection
	GlobalSection(ProjectConfigurationPlatforms) = postSolution
		{0A66DC17-0660-4A10-939A-2D9DCE3E159E}.Debug|Any CPU.ActiveCfg = Debug|Any CPU
		{0A66DC17-0660-4A10-939A-2D9DCE3E159E}.Debug|Any CPU.Build.0 = Debug|Any CPU
		{0A66DC17-0660-4A10-939A-2D9DCE3E159E}.Release|Any CPU.ActiveCfg = Release|Any CPU
		{0A66DC17-0660-4A10-939A-2D9DCE3E159E}.Release|Any CPU.Build.0 = Release|Any CPU
	EndGlobalSection
	GlobalSection(SolutionProperties) = preSolution
		HideSolutionNode = FALSE
	EndGlobalSection
	GlobalSection(ExtensibilityGlobals) = postSolution
		SolutionGuid = {B5B2BDB3-4D5A-4E93-B965-30F4FE2F020D}
	EndGlobalSection
EndGlobal
